
Microsoft Visual Studio Solution File, Format Version 12.00
# Visual Studio Version 17
VisualStudioVersion = 17.8.34330.188
MinimumVisualStudioVersion = 10.0.40219.1
Project("{FAE04EC0-301F-11D3-BF4B-00C04F79EFBC}") = "Local Script Executor", "Local Script Executor.csproj", "{359D8FF0-D83E-45D4-B6A7-7BBA8A272496}"
EndProject
Global
	GlobalSection(SolutionConfigurationPlatforms) = preSolution
		Debug|Any CPU = Debug|Any CPU
		Release|Any CPU = Release|Any CPU
	EndGlobalSection
	GlobalSection(ProjectConfigurationPlatforms) = postSolution
		{359D8FF0-D83E-45D4-B6A7-7BBA8A272496}.Debug|Any CPU.ActiveCfg = Debug|Any CPU
		{359D8FF0-D83E-45D4-B6A7-7BBA8A272496}.Debug|Any CPU.Build.0 = Debug|Any CPU
		{359D8FF0-D83E-45D4-B6A7-7BBA8A272496}.Release|Any CPU.ActiveCfg = Release|Any CPU
		{359D8FF0-D83E-45D4-B6A7-7BBA8A272496}.Release|Any CPU.Build.0 = Release|Any CPU
	EndGlobalSection
	GlobalSection(SolutionProperties) = preSolution
		HideSolutionNode = FALSE
	EndGlobalSection
	GlobalSection(ExtensibilityGlobals) = postSolution
		SolutionGuid = {E2B319B6-8F9C-45B5-B575-56D5488901B5}
	EndGlobalSection
EndGlobal
